// !$*UTF8*$!
{
	archiveVersion = 1;
	classes = {
	};
	objectVersion = 46;
	objects = {

/* Begin PBXBuildFile section */
		182FBB3C19D1243B0044FED1 /* AppDelegate.swift in Sources */ = {isa = PBXBuildFile; fileRef = 182FBB3B19D1243B0044FED1 /* AppDelegate.swift */; };
		182FBB3E19D1243B0044FED1 /* ViewController.swift in Sources */ = {isa = PBXBuildFile; fileRef = 182FBB3D19D1243B0044FED1 /* ViewController.swift */; };
		182FBB4119D1243B0044FED1 /* Main.storyboard in Resources */ = {isa = PBXBuildFile; fileRef = 182FBB3F19D1243B0044FED1 /* Main.storyboard */; };
		182FBB4319D1243B0044FED1 /* Images.xcassets in Resources */ = {isa = PBXBuildFile; fileRef = 182FBB4219D1243B0044FED1 /* Images.xcassets */; };
		182FBB4619D1243B0044FED1 /* LaunchScreen.xib in Resources */ = {isa = PBXBuildFile; fileRef = 182FBB4419D1243B0044FED1 /* LaunchScreen.xib */; };
		182FBB5219D1243B0044FED1 /* simpleFBTests.swift in Sources */ = {isa = PBXBuildFile; fileRef = 182FBB5119D1243B0044FED1 /* simpleFBTests.swift */; };
		182FBB5D19D125EA0044FED1 /* FacebookSDK.framework in Frameworks */ = {isa = PBXBuildFile; fileRef = 182FBB5C19D125EA0044FED1 /* FacebookSDK.framework */; };
		185A37BD19D38E3600A130F3 /* UserDetailViewController.swift in Sources */ = {isa = PBXBuildFile; fileRef = 185A37BC19D38E3600A130F3 /* UserDetailViewController.swift */; };
		189B764619D36E96004FC68E /* DataService.swift in Sources */ = {isa = PBXBuildFile; fileRef = 189B764519D36E96004FC68E /* DataService.swift */; };
		189B764819D3758D004FC68E /* UserService.swift in Sources */ = {isa = PBXBuildFile; fileRef = 189B764719D3758D004FC68E /* UserService.swift */; };
		189B764D19D3765C004FC68E /* User.swift in Sources */ = {isa = PBXBuildFile; fileRef = 189B764C19D3765C004FC68E /* User.swift */; };
		189B764F19D3806E004FC68E /* AllUsersTableViewController.swift in Sources */ = {isa = PBXBuildFile; fileRef = 189B764E19D3806E004FC68E /* AllUsersTableViewController.swift */; };
/* End PBXBuildFile section */

/* Begin PBXContainerItemProxy section */
		182FBB4C19D1243B0044FED1 /* PBXContainerItemProxy */ = {
			isa = PBXContainerItemProxy;
			containerPortal = 182FBB2E19D1243B0044FED1 /* Project object */;
			proxyType = 1;
			remoteGlobalIDString = 182FBB3519D1243B0044FED1;
			remoteInfo = simpleFB;
		};
/* End PBXContainerItemProxy section */

/* Begin PBXFileReference section */
		182FBB3619D1243B0044FED1 /* simpleFB.app */ = {isa = PBXFileReference; explicitFileType = wrapper.application; includeInIndex = 0; path = simpleFB.app; sourceTree = BUILT_PRODUCTS_DIR; };
		182FBB3A19D1243B0044FED1 /* Info.plist */ = {isa = PBXFileReference; lastKnownFileType = text.plist.xml; path = Info.plist; sourceTree = "<group>"; };
		182FBB3B19D1243B0044FED1 /* AppDelegate.swift */ = {isa = PBXFileReference; lastKnownFileType = sourcecode.swift; path = AppDelegate.swift; sourceTree = "<group>"; };
		182FBB3D19D1243B0044FED1 /* ViewController.swift */ = {isa = PBXFileReference; lastKnownFileType = sourcecode.swift; path = ViewController.swift; sourceTree = "<group>"; };
		182FBB4019D1243B0044FED1 /* Base */ = {isa = PBXFileReference; lastKnownFileType = file.storyboard; name = Base; path = Base.lproj/Main.storyboard; sourceTree = "<group>"; };
		182FBB4219D1243B0044FED1 /* Images.xcassets */ = {isa = PBXFileReference; lastKnownFileType = folder.assetcatalog; path = Images.xcassets; sourceTree = "<group>"; };
		182FBB4519D1243B0044FED1 /* Base */ = {isa = PBXFileReference; lastKnownFileType = file.xib; name = Base; path = Base.lproj/LaunchScreen.xib; sourceTree = "<group>"; };
		182FBB4B19D1243B0044FED1 /* simpleFBTests.xctest */ = {isa = PBXFileReference; explicitFileType = wrapper.cfbundle; includeInIndex = 0; path = simpleFBTests.xctest; sourceTree = BUILT_PRODUCTS_DIR; };
		182FBB5019D1243B0044FED1 /* Info.plist */ = {isa = PBXFileReference; lastKnownFileType = text.plist.xml; path = Info.plist; sourceTree = "<group>"; };
		182FBB5119D1243B0044FED1 /* simpleFBTests.swift */ = {isa = PBXFileReference; lastKnownFileType = sourcecode.swift; path = simpleFBTests.swift; sourceTree = "<group>"; };
		182FBB5C19D125EA0044FED1 /* FacebookSDK.framework */ = {isa = PBXFileReference; lastKnownFileType = wrapper.framework; name = FacebookSDK.framework; path = ../../Documents/FacebookSDK/FacebookSDK.framework; sourceTree = "<group>"; };
		185A37BC19D38E3600A130F3 /* UserDetailViewController.swift */ = {isa = PBXFileReference; fileEncoding = 4; lastKnownFileType = sourcecode.swift; path = UserDetailViewController.swift; sourceTree = "<group>"; };
		189B764519D36E96004FC68E /* DataService.swift */ = {isa = PBXFileReference; fileEncoding = 4; lastKnownFileType = sourcecode.swift; name = DataService.swift; path = simpleFB/DataService.swift; sourceTree = "<group>"; };
		189B764719D3758D004FC68E /* UserService.swift */ = {isa = PBXFileReference; fileEncoding = 4; lastKnownFileType = sourcecode.swift; name = UserService.swift; path = simpleFB/UserService.swift; sourceTree = "<group>"; };
		189B764C19D3765C004FC68E /* User.swift */ = {isa = PBXFileReference; fileEncoding = 4; lastKnownFileType = sourcecode.swift; path = User.swift; sourceTree = "<group>"; };
		189B764E19D3806E004FC68E /* AllUsersTableViewController.swift */ = {isa = PBXFileReference; fileEncoding = 4; lastKnownFileType = sourcecode.swift; path = AllUsersTableViewController.swift; sourceTree = "<group>"; };
/* End PBXFileReference section */

/* Begin PBXFrameworksBuildPhase section */
		182FBB3319D1243B0044FED1 /* Frameworks */ = {
			isa = PBXFrameworksBuildPhase;
			buildActionMask = 2147483647;
			files = (
				182FBB5D19D125EA0044FED1 /* FacebookSDK.framework in Frameworks */,
			);
			runOnlyForDeploymentPostprocessing = 0;
		};
		182FBB4819D1243B0044FED1 /* Frameworks */ = {
			isa = PBXFrameworksBuildPhase;
			buildActionMask = 2147483647;
			files = (
			);
			runOnlyForDeploymentPostprocessing = 0;
		};
/* End PBXFrameworksBuildPhase section */

/* Begin PBXGroup section */
		182FBB2D19D1243B0044FED1 = {
			isa = PBXGroup;
			children = (
				189B764B19D37615004FC68E /* Manager */,
				189B764A19D37602004FC68E /* Model */,
				189B764919D375E8004FC68E /* Service */,
				182FBB5B19D125B40044FED1 /* Framework */,
				182FBB3819D1243B0044FED1 /* simpleFB */,
				182FBB4E19D1243B0044FED1 /* simpleFBTests */,
				182FBB3719D1243B0044FED1 /* Products */,
			);
			sourceTree = "<group>";
		};
		182FBB3719D1243B0044FED1 /* Products */ = {
			isa = PBXGroup;
			children = (
				182FBB3619D1243B0044FED1 /* simpleFB.app */,
				182FBB4B19D1243B0044FED1 /* simpleFBTests.xctest */,
			);
			name = Products;
			sourceTree = "<group>";
		};
		182FBB3819D1243B0044FED1 /* simpleFB */ = {
			isa = PBXGroup;
			children = (
				189B764E19D3806E004FC68E /* AllUsersTableViewController.swift */,
				182FBB3B19D1243B0044FED1 /* AppDelegate.swift */,
				182FBB4219D1243B0044FED1 /* Images.xcassets */,
				182FBB4419D1243B0044FED1 /* LaunchScreen.xib */,
				182FBB3F19D1243B0044FED1 /* Main.storyboard */,
				182FBB3919D1243B0044FED1 /* Supporting Files */,
				182FBB3D19D1243B0044FED1 /* ViewController.swift */,
				185A37BC19D38E3600A130F3 /* UserDetailViewController.swift */,
			);
			path = simpleFB;
			sourceTree = "<group>";
		};
		182FBB3919D1243B0044FED1 /* Supporting Files */ = {
			isa = PBXGroup;
			children = (
				182FBB3A19D1243B0044FED1 /* Info.plist */,
			);
			name = "Supporting Files";
			sourceTree = "<group>";
		};
		182FBB4E19D1243B0044FED1 /* simpleFBTests */ = {
			isa = PBXGroup;
			children = (
				182FBB5119D1243B0044FED1 /* simpleFBTests.swift */,
				182FBB4F19D1243B0044FED1 /* Supporting Files */,
			);
			path = simpleFBTests;
			sourceTree = "<group>";
		};
		182FBB4F19D1243B0044FED1 /* Supporting Files */ = {
			isa = PBXGroup;
			children = (
				182FBB5019D1243B0044FED1 /* Info.plist */,
			);
			name = "Supporting Files";
			sourceTree = "<group>";
		};
		182FBB5B19D125B40044FED1 /* Framework */ = {
			isa = PBXGroup;
			children = (
				182FBB5C19D125EA0044FED1 /* FacebookSDK.framework */,
			);
			name = Framework;
			sourceTree = "<group>";
		};
		189B764919D375E8004FC68E /* Service */ = {
			isa = PBXGroup;
			children = (
				189B764719D3758D004FC68E /* UserService.swift */,
				189B764519D36E96004FC68E /* DataService.swift */,
			);
			name = Service;
			sourceTree = "<group>";
		};
		189B764A19D37602004FC68E /* Model */ = {
			isa = PBXGroup;
			children = (
				189B764C19D3765C004FC68E /* User.swift */,
			);
			name = Model;
			sourceTree = "<group>";
		};
		189B764B19D37615004FC68E /* Manager */ = {
			isa = PBXGroup;
			children = (
			);
			name = Manager;
			sourceTree = "<group>";
		};
/* End PBXGroup section */

/* Begin PBXNativeTarget section */
		182FBB3519D1243B0044FED1 /* simpleFB */ = {
			isa = PBXNativeTarget;
			buildConfigurationList = 182FBB5519D1243B0044FED1 /* Build configuration list for PBXNativeTarget "simpleFB" */;
			buildPhases = (
				182FBB3219D1243B0044FED1 /* Sources */,
				182FBB3319D1243B0044FED1 /* Frameworks */,
				182FBB3419D1243B0044FED1 /* Resources */,
			);
			buildRules = (
			);
			dependencies = (
			);
			name = simpleFB;
			productName = simpleFB;
			productReference = 182FBB3619D1243B0044FED1 /* simpleFB.app */;
			productType = "com.apple.product-type.application";
		};
		182FBB4A19D1243B0044FED1 /* simpleFBTests */ = {
			isa = PBXNativeTarget;
			buildConfigurationList = 182FBB5819D1243B0044FED1 /* Build configuration list for PBXNativeTarget "simpleFBTests" */;
			buildPhases = (
				182FBB4719D1243B0044FED1 /* Sources */,
				182FBB4819D1243B0044FED1 /* Frameworks */,
				182FBB4919D1243B0044FED1 /* Resources */,
			);
			buildRules = (
			);
			dependencies = (
				182FBB4D19D1243B0044FED1 /* PBXTargetDependency */,
			);
			name = simpleFBTests;
			productName = simpleFBTests;
			productReference = 182FBB4B19D1243B0044FED1 /* simpleFBTests.xctest */;
			productType = "com.apple.product-type.bundle.unit-test";
		};
/* End PBXNativeTarget section */

/* Begin PBXProject section */
		182FBB2E19D1243B0044FED1 /* Project object */ = {
			isa = PBXProject;
			attributes = {
				LastUpgradeCheck = 0600;
				ORGANIZATIONNAME = "LESONG JIA";
				TargetAttributes = {
					182FBB3519D1243B0044FED1 = {
						CreatedOnToolsVersion = 6.0.1;
						DevelopmentTeam = 4TDV9L7PXP;
					};
					182FBB4A19D1243B0044FED1 = {
						CreatedOnToolsVersion = 6.0.1;
						TestTargetID = 182FBB3519D1243B0044FED1;
					};
				};
			};
			buildConfigurationList = 182FBB3119D1243B0044FED1 /* Build configuration list for PBXProject "simpleFB" */;
			compatibilityVersion = "Xcode 3.2";
			developmentRegion = English;
			hasScannedForEncodings = 0;
			knownRegions = (
				en,
				Base,
			);
			mainGroup = 182FBB2D19D1243B0044FED1;
			productRefGroup = 182FBB3719D1243B0044FED1 /* Products */;
			projectDirPath = "";
			projectRoot = "";
			targets = (
				182FBB3519D1243B0044FED1 /* simpleFB */,
				182FBB4A19D1243B0044FED1 /* simpleFBTests */,
			);
		};
/* End PBXProject section */

/* Begin PBXResourcesBuildPhase section */
		182FBB3419D1243B0044FED1 /* Resources */ = {
			isa = PBXResourcesBuildPhase;
			buildActionMask = 2147483647;
			files = (
				182FBB4119D1243B0044FED1 /* Main.storyboard in Resources */,
				182FBB4619D1243B0044FED1 /* LaunchScreen.xib in Resources */,
				182FBB4319D1243B0044FED1 /* Images.xcassets in Resources */,
			);
			runOnlyForDeploymentPostprocessing = 0;
		};
		182FBB4919D1243B0044FED1 /* Resources */ = {
			isa = PBXResourcesBuildPhase;
			buildActionMask = 2147483647;
			files = (
			);
			runOnlyForDeploymentPostprocessing = 0;
		};
/* End PBXResourcesBuildPhase section */

/* Begin PBXSourcesBuildPhase section */
		182FBB3219D1243B0044FED1 /* Sources */ = {
			isa = PBXSourcesBuildPhase;
			buildActionMask = 2147483647;
			files = (
				185A37BD19D38E3600A130F3 /* UserDetailViewController.swift in Sources */,
				189B764819D3758D004FC68E /* UserService.swift in Sources */,
				189B764619D36E96004FC68E /* DataService.swift in Sources */,
				189B764F19D3806E004FC68E /* AllUsersTableViewController.swift in Sources */,
				182FBB3E19D1243B0044FED1 /* ViewController.swift in Sources */,
				189B764D19D3765C004FC68E /* User.swift in Sources */,
				182FBB3C19D1243B0044FED1 /* AppDelegate.swift in Sources */,
			);
			runOnlyForDeploymentPostprocessing = 0;
		};
		182FBB4719D1243B0044FED1 /* Sources */ = {
			isa = PBXSourcesBuildPhase;
			buildActionMask = 2147483647;
			files = (
				182FBB5219D1243B0044FED1 /* simpleFBTests.swift in Sources */,
			);
			runOnlyForDeploymentPostprocessing = 0;
		};
/* End PBXSourcesBuildPhase section */

/* Begin PBXTargetDependency section */
		182FBB4D19D1243B0044FED1 /* PBXTargetDependency */ = {
			isa = PBXTargetDependency;
			target = 182FBB3519D1243B0044FED1 /* simpleFB */;
			targetProxy = 182FBB4C19D1243B0044FED1 /* PBXContainerItemProxy */;
		};
/* End PBXTargetDependency section */

/* Begin PBXVariantGroup section */
		182FBB3F19D1243B0044FED1 /* Main.storyboard */ = {
			isa = PBXVariantGroup;
			children = (
				182FBB4019D1243B0044FED1 /* Base */,
			);
			name = Main.storyboard;
			sourceTree = "<group>";
		};
		182FBB4419D1243B0044FED1 /* LaunchScreen.xib */ = {
			isa = PBXVariantGroup;
			children = (
				182FBB4519D1243B0044FED1 /* Base */,
			);
			name = LaunchScreen.xib;
			sourceTree = "<group>";
		};
/* End PBXVariantGroup section */

/* Begin XCBuildConfiguration section */
		182FBB5319D1243B0044FED1 /* Debug */ = {
			isa = XCBuildConfiguration;
			buildSettings = {
				ALWAYS_SEARCH_USER_PATHS = NO;
				CLANG_CXX_LANGUAGE_STANDARD = "gnu++0x";
				CLANG_CXX_LIBRARY = "libc++";
				CLANG_ENABLE_MODULES = YES;
				CLANG_ENABLE_OBJC_ARC = YES;
				CLANG_WARN_BOOL_CONVERSION = YES;
				CLANG_WARN_CONSTANT_CONVERSION = YES;
				CLANG_WARN_DIRECT_OBJC_ISA_USAGE = YES_ERROR;
				CLANG_WARN_EMPTY_BODY = YES;
				CLANG_WARN_ENUM_CONVERSION = YES;
				CLANG_WARN_INT_CONVERSION = YES;
				CLANG_WARN_OBJC_ROOT_CLASS = YES_ERROR;
				CLANG_WARN_UNREACHABLE_CODE = YES;
				CLANG_WARN__DUPLICATE_METHOD_MATCH = YES;
				"CODE_SIGN_IDENTITY[sdk=iphoneos*]" = "iPhone Developer";
				COPY_PHASE_STRIP = NO;
				ENABLE_STRICT_OBJC_MSGSEND = YES;
				GCC_C_LANGUAGE_STANDARD = gnu99;
				GCC_DYNAMIC_NO_PIC = NO;
				GCC_OPTIMIZATION_LEVEL = 0;
				GCC_PREPROCESSOR_DEFINITIONS = (
					"DEBUG=1",
					"$(inherited)",
				);
				GCC_SYMBOLS_PRIVATE_EXTERN = NO;
				GCC_WARN_64_TO_32_BIT_CONVERSION = YES;
				GCC_WARN_ABOUT_RETURN_TYPE = YES_ERROR;
				GCC_WARN_UNDECLARED_SELECTOR = YES;
				GCC_WARN_UNINITIALIZED_AUTOS = YES_AGGRESSIVE;
				GCC_WARN_UNUSED_FUNCTION = YES;
				GCC_WARN_UNUSED_VARIABLE = YES;
				IPHONEOS_DEPLOYMENT_TARGET = 8.0;
				MTL_ENABLE_DEBUG_INFO = YES;
				ONLY_ACTIVE_ARCH = YES;
				OTHER_LDFLAGS = (
					"-all_load",
					"-ObjC",
				);
				SDKROOT = iphoneos;
				SWIFT_OPTIMIZATION_LEVEL = "-Onone";
			};
			name = Debug;
		};
		182FBB5419D1243B0044FED1 /* Release */ = {
			isa = XCBuildConfiguration;
			buildSettings = {
				ALWAYS_SEARCH_USER_PATHS = NO;
				CLANG_CXX_LANGUAGE_STANDARD = "gnu++0x";
				CLANG_CXX_LIBRARY = "libc++";
				CLANG_ENABLE_MODULES = YES;
				CLANG_ENABLE_OBJC_ARC = YES;
				CLANG_WARN_BOOL_CONVERSION = YES;
				CLANG_WARN_CONSTANT_CONVERSION = YES;
				CLANG_WARN_DIRECT_OBJC_ISA_USAGE = YES_ERROR;
				CLANG_WARN_EMPTY_BODY = YES;
				CLANG_WARN_ENUM_CONVERSION = YES;
				CLANG_WARN_INT_CONVERSION = YES;
				CLANG_WARN_OBJC_ROOT_CLASS = YES_ERROR;
				CLANG_WARN_UNREACHABLE_CODE = YES;
				CLANG_WARN__DUPLICATE_METHOD_MATCH = YES;
				"CODE_SIGN_IDENTITY[sdk=iphoneos*]" = "iPhone Developer";
				COPY_PHASE_STRIP = YES;
				ENABLE_NS_ASSERTIONS = NO;
				ENABLE_STRICT_OBJC_MSGSEND = YES;
				GCC_C_LANGUAGE_STANDARD = gnu99;
				GCC_WARN_64_TO_32_BIT_CONVERSION = YES;
				GCC_WARN_ABOUT_RETURN_TYPE = YES_ERROR;
				GCC_WARN_UNDECLARED_SELECTOR = YES;
				GCC_WARN_UNINITIALIZED_AUTOS = YES_AGGRESSIVE;
				GCC_WARN_UNUSED_FUNCTION = YES;
				GCC_WARN_UNUSED_VARIABLE = YES;
				IPHONEOS_DEPLOYMENT_TARGET = 8.0;
				MTL_ENABLE_DEBUG_INFO = NO;
				OTHER_LDFLAGS = (
					"-all_load",
					"-ObjC",
				);
				SDKROOT = iphoneos;
				VALIDATE_PRODUCT = YES;
			};
			name = Release;
		};
		182FBB5619D1243B0044FED1 /* Debug */ = {
			isa = XCBuildConfiguration;
			buildSettings = {
				ASSETCATALOG_COMPILER_APPICON_NAME = AppIcon;
				ASSETCATALOG_COMPILER_LAUNCHIMAGE_NAME = LaunchImage;
				CODE_SIGN_IDENTITY = "iPhone Developer";
				FRAMEWORK_SEARCH_PATHS = (
					"$(inherited)",
					/Users/lesong/Documents/FacebookSDK,
				);
				INFOPLIST_FILE = simpleFB/Info.plist;
				IPHONEOS_DEPLOYMENT_TARGET = 7.1;
				LD_RUNPATH_SEARCH_PATHS = "$(inherited) @executable_path/Frameworks";
				PRODUCT_NAME = "$(TARGET_NAME)";
				SWIFT_OBJC_BRIDGING_HEADER = "simpleFB/Bridging-Header.h";
				TARGETED_DEVICE_FAMILY = 1;
			};
			name = Debug;
		};
		182FBB5719D1243B0044FED1 /* Release */ = {
			isa = XCBuildConfiguration;
			buildSettings = {
				ASSETCATALOG_COMPILER_APPICON_NAME = AppIcon;
				ASSETCATALOG_COMPILER_LAUNCHIMAGE_NAME = LaunchImage;
				CODE_SIGN_IDENTITY = "iPhone Developer";
				FRAMEWORK_SEARCH_PATHS = (
					"$(inherited)",
					/Users/lesong/Documents/FacebookSDK,
				);
				INFOPLIST_FILE = simpleFB/Info.plist;
				IPHONEOS_DEPLOYMENT_TARGET = 7.1;
				LD_RUNPATH_SEARCH_PATHS = "$(inherited) @executable_path/Frameworks";
				PRODUCT_NAME = "$(TARGET_NAME)";
				SWIFT_OBJC_BRIDGING_HEADER = "simpleFB/Bridging-Header.h";
				TARGETED_DEVICE_FAMILY = 1;
			};
			name = Release;
		};
		182FBB5919D1243B0044FED1 /* Debug */ = {
			isa = XCBuildConfiguration;
			buildSettings = {
				BUNDLE_LOADER = "$(TEST_HOST)";
				FRAMEWORK_SEARCH_PATHS = (
					"$(SDKROOT)/Developer/Library/Frameworks",
					"$(inherited)",
				);
				GCC_PREPROCESSOR_DEFINITIONS = (
					"DEBUG=1",
					"$(inherited)",
				);
				INFOPLIST_FILE = simpleFBTests/Info.plist;
				LD_RUNPATH_SEARCH_PATHS = "$(inherited) @executable_path/Frameworks @loader_path/Frameworks";
				PRODUCT_NAME = "$(TARGET_NAME)";
				TEST_HOST = "$(BUILT_PRODUCTS_DIR)/simpleFB.app/simpleFB";
			};
			name = Debug;
		};
		182FBB5A19D1243B0044FED1 /* Release */ = {
			isa = XCBuildConfiguration;
			buildSettings = {
				BUNDLE_LOADER = "$(TEST_HOST)";
				FRAMEWORK_SEARCH_PATHS = (
					"$(SDKROOT)/Developer/Library/Frameworks",
					"$(inherited)",
				);
				INFOPLIST_FILE = simpleFBTests/Info.plist;
				LD_RUNPATH_SEARCH_PATHS = "$(inherited) @executable_path/Frameworks @loader_path/Frameworks";
				PRODUCT_NAME = "$(TARGET_NAME)";
				TEST_HOST = "$(BUILT_PRODUCTS_DIR)/simpleFB.app/simpleFB";
			};
			name = Release;
		};
/* End XCBuildConfiguration section */

/* Begin XCConfigurationList section */
		182FBB3119D1243B0044FED1 /* Build configuration list for PBXProject "simpleFB" */ = {
			isa = XCConfigurationList;
			buildConfigurations = (
				182FBB5319D1243B0044FED1 /* Debug */,
				182FBB5419D1243B0044FED1 /* Release */,
			);
			defaultConfigurationIsVisible = 0;
			defaultConfigurationName = Release;
		};
		182FBB5519D1243B0044FED1 /* Build configuration list for PBXNativeTarget "simpleFB" */ = {
			isa = XCConfigurationList;
			buildConfigurations = (
				182FBB5619D1243B0044FED1 /* Debug */,
				182FBB5719D1243B0044FED1 /* Release */,
			);
			defaultConfigurationIsVisible = 0;
			defaultConfigurationName = Release;
		};
		182FBB5819D1243B0044FED1 /* Build configuration list for PBXNativeTarget "simpleFBTests" */ = {
			isa = XCConfigurationList;
			buildConfigurations = (
				182FBB5919D1243B0044FED1 /* Debug */,
				182FBB5A19D1243B0044FED1 /* Release */,
			);
			defaultConfigurationIsVisible = 0;
			defaultConfigurationName = Release;
		};
/* End XCConfigurationList section */
	};
	rootObject = 182FBB2E19D1243B0044FED1 /* Project object */;
}
